Microsoft Visual Studio Solution File, Format Version 12.00
# Visual Studio Version 17
VisualStudioVersion = 17.5.2.0
MinimumVisualStudioVersion = 10.0.40219.1
Project("{FAE04EC0-301F-11D3-BF4B-00C04F79EFBC}") = "Chess.Console", "Chess.Console.csproj", "{328774AA-64D0-4FC5-9934-67C4D8598C4E}"
EndProject
Global
	GlobalSection(SolutionConfigurationPlatforms) = preSolution
		Debug|Any CPU = Debug|Any CPU
		Release|Any CPU = Release|Any CPU
	EndGlobalSection
	GlobalSection(ProjectConfigurationPlatforms) = postSolution
		{328774AA-64D0-4FC5-9934-67C4D8598C4E}.Debug|Any CPU.ActiveCfg = Debug|Any CPU
		{328774AA-64D0-4FC5-9934-67C4D8598C4E}.Debug|Any CPU.Build.0 = Debug|Any CPU
		{328774AA-64D0-4FC5-9934-67C4D8598C4E}.Release|Any CPU.ActiveCfg = Release|Any CPU
		{328774AA-64D0-4FC5-9934-67C4D8598C4E}.Release|Any CPU.Build.0 = Release|Any CPU
	EndGlobalSection
	GlobalSection(SolutionProperties) = preSolution
		HideSolutionNode = FALSE
	EndGlobalSection
	GlobalSection(ExtensibilityGlobals) = postSolution
		SolutionGuid = {5B67168A-AA28-4A23-BCA7-9FC4B190FCF9}
	EndGlobalSection
EndGlobal
